
Microsoft Visual Studio Solution File, Format Version 12.00
# Visual Studio Version 17
VisualStudioVersion = 17.0.31612.314
MinimumVisualStudioVersion = 10.0.40219.1
Project("{9A19103F-16F7-4668-BE54-9A1E7A4F7556}") = "ConvertAspNetIdentityToHashcat", "ConvertAspNetIdentityToHashcat\ConvertAspNetIdentityToHashcat.csproj", "{527E4208-FE66-45DB-A3B3-3C2582D656FD}"
EndProject
Project("{9A19103F-16F7-4668-BE54-9A1E7A4F7556}") = "ASPNET.Identity.Demo", "ASPNET.Identity.Demo\ASPNET.Identity.Demo.csproj", "{FADA2139-23D8-4FAF-9B2B-5A97147D5F48}"
EndProject
Project("{9A19103F-16F7-4668-BE54-9A1E7A4F7556}") = "CustomWeakPasswordDemo", "CustomWeakPasswordDemo\CustomWeakPasswordDemo.csproj", "{2C958020-760C-4267-86E2-D8DD36E13B07}"
EndProject
Project("{9A19103F-16F7-4668-BE54-9A1E7A4F7556}") = "ComparingHashAlgorithmForDummies", "ComparingHashAlgorithmForDummies\ComparingHashAlgorithmForDummies.csproj", "{8B46BFC1-26A4-4CA2-BD49-6D93B2B40F07}"
EndProject
Project("{FAE04EC0-301F-11D3-BF4B-00C04F79EFBC}") = "DictionaryAttackForDummies", "DictionaryAttackForDummies\DictionaryAttackForDummies.csproj", "{8D4893F5-8667-4114-A336-4EFCFCC97E25}"
EndProject
Global
	GlobalSection(SolutionConfigurationPlatforms) = preSolution
		Debug|Any CPU = Debug|Any CPU
		Release|Any CPU = Release|Any CPU
	EndGlobalSection
	GlobalSection(ProjectConfigurationPlatforms) = postSolution
		{527E4208-FE66-45DB-A3B3-3C2582D656FD}.Debug|Any CPU.ActiveCfg = Debug|Any CPU
		{527E4208-FE66-45DB-A3B3-3C2582D656FD}.Debug|Any CPU.Build.0 = Debug|Any CPU
		{527E4208-FE66-45DB-A3B3-3C2582D656FD}.Release|Any CPU.ActiveCfg = Release|Any CPU
		{527E4208-FE66-45DB-A3B3-3C2582D656FD}.Release|Any CPU.Build.0 = Release|Any CPU
		{FADA2139-23D8-4FAF-9B2B-5A97147D5F48}.Debug|Any CPU.ActiveCfg = Debug|Any CPU
		{FADA2139-23D8-4FAF-9B2B-5A97147D5F48}.Debug|Any CPU.Build.0 = Debug|Any CPU
		{FADA2139-23D8-4FAF-9B2B-5A97147D5F48}.Release|Any CPU.ActiveCfg = Release|Any CPU
		{FADA2139-23D8-4FAF-9B2B-5A97147D5F48}.Release|Any CPU.Build.0 = Release|Any CPU
		{2C958020-760C-4267-86E2-D8DD36E13B07}.Debug|Any CPU.ActiveCfg = Debug|Any CPU
		{2C958020-760C-4267-86E2-D8DD36E13B07}.Debug|Any CPU.Build.0 = Debug|Any CPU
		{2C958020-760C-4267-86E2-D8DD36E13B07}.Release|Any CPU.ActiveCfg = Release|Any CPU
		{2C958020-760C-4267-86E2-D8DD36E13B07}.Release|Any CPU.Build.0 = Release|Any CPU
		{8B46BFC1-26A4-4CA2-BD49-6D93B2B40F07}.Debug|Any CPU.ActiveCfg = Debug|Any CPU
		{8B46BFC1-26A4-4CA2-BD49-6D93B2B40F07}.Debug|Any CPU.Build.0 = Debug|Any CPU
		{8B46BFC1-26A4-4CA2-BD49-6D93B2B40F07}.Release|Any CPU.ActiveCfg = Release|Any CPU
		{8B46BFC1-26A4-4CA2-BD49-6D93B2B40F07}.Release|Any CPU.Build.0 = Release|Any CPU
		{8D4893F5-8667-4114-A336-4EFCFCC97E25}.Debug|Any CPU.ActiveCfg = Debug|Any CPU
		{8D4893F5-8667-4114-A336-4EFCFCC97E25}.Debug|Any CPU.Build.0 = Debug|Any CPU
		{8D4893F5-8667-4114-A336-4EFCFCC97E25}.Release|Any CPU.ActiveCfg = Release|Any CPU
		{8D4893F5-8667-4114-A336-4EFCFCC97E25}.Release|Any CPU.Build.0 = Release|Any CPU
	EndGlobalSection
	GlobalSection(SolutionProperties) = preSolution
		HideSolutionNode = FALSE
	EndGlobalSection
	GlobalSection(ExtensibilityGlobals) = postSolution
		SolutionGuid = {6028C144-E843-4E62-808F-BCB78EB6E629}
	EndGlobalSection
EndGlobal
